
Microsoft Visual Studio Solution File, Format Version 12.00
# Visual Studio Version 17
VisualStudioVersion = 17.4.33110.190
MinimumVisualStudioVersion = 10.0.40219.1
Project("{FAE04EC0-301F-11D3-BF4B-00C04F79EFBC}") = "WindowsFormsApp1", "WindowsFormsApp1\WindowsFormsApp1.csproj", "{355ECB91-F19B-466E-A89E-D86F4D57FFBC}"
EndProject
Global
	GlobalSection(SolutionConfigurationPlatforms) = preSolution
		Debug|Any CPU = Debug|Any CPU
		Release|Any CPU = Release|Any CPU
	EndGlobalSection
	GlobalSection(ProjectConfigurationPlatforms) = postSolution
		{355ECB91-F19B-466E-A89E-D86F4D57FFBC}.Debug|Any CPU.ActiveCfg = Debug|Any CPU
		{355ECB91-F19B-466E-A89E-D86F4D57FFBC}.Debug|Any CPU.Build.0 = Debug|Any CPU
		{355ECB91-F19B-466E-A89E-D86F4D57FFBC}.Release|Any CPU.ActiveCfg = Release|Any CPU
		{355ECB91-F19B-466E-A89E-D86F4D57FFBC}.Release|Any CPU.Build.0 = Release|Any CPU
	EndGlobalSection
	GlobalSection(SolutionProperties) = preSolution
		HideSolutionNode = FALSE
	EndGlobalSection
	GlobalSection(ExtensibilityGlobals) = postSolution
		SolutionGuid = {E62C54AD-64E0-456D-B789-E10A755CA1C5}
	EndGlobalSection
EndGlobal
