
Microsoft Visual Studio Solution File, Format Version 12.00
# Visual Studio Version 17
VisualStudioVersion = 17.4.33110.190
MinimumVisualStudioVersion = 10.0.40219.1
Project("{FAE04EC0-301F-11D3-BF4B-00C04F79EFBC}") = "Parcial", "Parcial\Parcial.csproj", "{2460E9C3-7B08-4C32-A472-BA6AB783604E}"
EndProject
Global
	GlobalSection(SolutionConfigurationPlatforms) = preSolution
		Debug|Any CPU = Debug|Any CPU
		Release|Any CPU = Release|Any CPU
	EndGlobalSection
	GlobalSection(ProjectConfigurationPlatforms) = postSolution
		{2460E9C3-7B08-4C32-A472-BA6AB783604E}.Debug|Any CPU.ActiveCfg = Debug|Any CPU
		{2460E9C3-7B08-4C32-A472-BA6AB783604E}.Debug|Any CPU.Build.0 = Debug|Any CPU
		{2460E9C3-7B08-4C32-A472-BA6AB783604E}.Release|Any CPU.ActiveCfg = Release|Any CPU
		{2460E9C3-7B08-4C32-A472-BA6AB783604E}.Release|Any CPU.Build.0 = Release|Any CPU
	EndGlobalSection
	GlobalSection(SolutionProperties) = preSolution
		HideSolutionNode = FALSE
	EndGlobalSection
	GlobalSection(ExtensibilityGlobals) = postSolution
		SolutionGuid = {F1D28C6B-9A06-4995-B479-04FED9278FDC}
	EndGlobalSection
EndGlobal
